<?xml version="1.0" encoding="utf-8"?>
<Project ToolsVersion="4.0" xmlns="http://schemas.microsoft.com/developer/msbuild/2003">
  <ItemGroup>
    <Filter Include="리소스 파일">
      <UniqueIdentifier>{67DA6AB6-F800-4c08-8B7A-83BB121AAD01}</UniqueIdentifier>
      <Extensions>rc;ico;cur;bmp;dlg;rc2;rct;bin;rgs;gif;jpg;jpeg;jpe;resx;tiff;tif;png;wav;mfcribbon-ms</Extensions>
    </Filter>
    <Filter Include="Main">
      <UniqueIdentifier>{4FC737F1-C7A5-4376-A066-2A32D752A2FF}</UniqueIdentifier>
      <Extensions>cpp;c;cc;cxx;c++;cppm;ixx;def;odl;idl;hpj;bat;asm;asmx</Extensions>
    </Filter>
    <Filter Include="[2]________________Object">
      <UniqueIdentifier>{ec01c18e-b6d2-42a3-926d-e45ff2d11b8f}</UniqueIdentifier>
    </Filter>
    <Filter Include="[1]____________FrameWork">
      <UniqueIdentifier>{7c361bc0-0342-468c-b7c5-da0baf35ea28}</UniqueIdentifier>
    </Filter>
    <Filter Include="[3]____________GameMode">
      <UniqueIdentifier>{bc7aa447-e898-45fa-a305-57822c46a6df}</UniqueIdentifier>
    </Filter>
    <Filter Include="[4]_______________OpenGL">
      <UniqueIdentifier>{65d56913-3af3-403d-a1d8-be81dd5bb34d}</UniqueIdentifier>
    </Filter>
    <Filter Include="[4]_______________OpenGL\Util">
      <UniqueIdentifier>{6b48a3b9-366d-41eb-8731-99a4c2073124}</UniqueIdentifier>
    </Filter>
    <Filter Include="[5]_____________Template">
      <UniqueIdentifier>{7e674058-09d2-4bec-ac26-fb9837c10361}</UniqueIdentifier>
    </Filter>
    <Filter Include="[2]________________Object\%281%29-[Main_Object]">
      <UniqueIdentifier>{26e6915d-34d9-4c7e-9d4e-5d17fc3a9811}</UniqueIdentifier>
    </Filter>
    <Filter Include="[2]________________Object\%282%29--[Sub_Object]">
      <UniqueIdentifier>{93d794a6-3b6b-4fcf-b1da-d2cec6e5cd0c}</UniqueIdentifier>
    </Filter>
  </ItemGroup>
  <ItemGroup>
    <ClCompile Include="GLMain.cpp">
      <Filter>Main</Filter>
    </ClCompile>
  </ItemGroup>
  <ItemGroup>
    <ClInclude Include="Shader.h">
      <Filter>[4]_______________OpenGL</Filter>
    </ClInclude>
    <ClInclude Include="GLHeader.h">
      <Filter>[4]_______________OpenGL</Filter>
    </ClInclude>
    <ClInclude Include="Camera.h">
      <Filter>[4]_______________OpenGL</Filter>
    </ClInclude>
    <ClInclude Include="TextUtil.h">
      <Filter>[4]_______________OpenGL\Util</Filter>
    </ClInclude>
    <ClInclude Include="ImageUtil.h">
      <Filter>[4]_______________OpenGL\Util</Filter>
    </ClInclude>
    <ClInclude Include="MouseUtil.h">
      <Filter>[4]_______________OpenGL\Util</Filter>
    </ClInclude>
    <ClInclude Include="CollisionUtil.h">
      <Filter>[4]_______________OpenGL\Util</Filter>
    </ClInclude>
    <ClInclude Include="RenderModeUtil.h">
      <Filter>[4]_______________OpenGL\Util</Filter>
    </ClInclude>
    <ClInclude Include="FWL_CONF.h">
      <Filter>[1]____________FrameWork</Filter>
    </ClInclude>
    <ClInclude Include="FWL.h">
      <Filter>[1]____________FrameWork</Filter>
    </ClInclude>
  </ItemGroup>
  <ItemGroup>
    <Text Include="ModeTemplate.txt">
      <Filter>[5]_____________Template</Filter>
    </Text>
  </ItemGroup>
</Project>