<?xml version="1.0" encoding="utf-8"?>
<Project ToolsVersion="4.0" xmlns="http://schemas.microsoft.com/developer/msbuild/2003">
  <ItemGroup>
    <Filter Include="[2]___________[ Object ]">
      <UniqueIdentifier>{56801dea-cc93-4de6-be84-193b881c5076}</UniqueIdentifier>
    </Filter>
    <Filter Include="[2]___________[ Object ]\[1][ Main Object ]">
      <UniqueIdentifier>{d6d673e8-1784-4513-a51f-e1fb334d2ea5}</UniqueIdentifier>
    </Filter>
    <Filter Include="[2]___________[ Object ]\[2][ Floating Object ]">
      <UniqueIdentifier>{b9e501bb-a47d-43b6-ada9-6bde123338ff}</UniqueIdentifier>
    </Filter>
    <Filter Include="[1]___________[ GameMode ]">
      <UniqueIdentifier>{824d0f24-8e5b-4c58-99e5-e019f51ea99a}</UniqueIdentifier>
    </Filter>
    <Filter Include="[1]___________[ GameMode ]\[ Mode1 ]">
      <UniqueIdentifier>{7b8ece9e-369e-41aa-9eb1-0f0dc2f9398d}</UniqueIdentifier>
    </Filter>
    <Filter Include="[4]___________[ Resources ]">
      <UniqueIdentifier>{a23e0c3a-d6ca-4199-bc98-de8c1d7c55be}</UniqueIdentifier>
    </Filter>
    <Filter Include="[2]___________[ Object ]\[3][ Object Template ]">
      <UniqueIdentifier>{f67944b9-c91f-464e-976e-0b8958cf7ab9}</UniqueIdentifier>
    </Filter>
    <Filter Include="[5]___________[ mata_ENGINE ]">
      <UniqueIdentifier>{7f6a4887-d06e-4c65-963d-2b7d61cea12c}</UniqueIdentifier>
    </Filter>
    <Filter Include="[5]___________[ mata_ENGINE ]\[ Header ]">
      <UniqueIdentifier>{2f35df9f-153e-4b4a-906d-058f259a0979}</UniqueIdentifier>
    </Filter>
    <Filter Include="[5]___________[ mata_ENGINE ]\[ GLSL ]">
      <UniqueIdentifier>{4eec4c3d-2375-48d7-85d7-413e0553d75c}</UniqueIdentifier>
    </Filter>
    <Filter Include="[5]___________[ mata_ENGINE ]\[ System]">
      <UniqueIdentifier>{802bfb93-2599-4817-b15c-634efd1f40d4}</UniqueIdentifier>
    </Filter>
    <Filter Include="[5]___________[ mata_ENGINE ]\[ Setting ]">
      <UniqueIdentifier>{c9af8f5b-6936-4568-86b3-dfb813a19adc}</UniqueIdentifier>
    </Filter>
    <Filter Include="[6]___________[ Template ]">
      <UniqueIdentifier>{a0f3d2c9-d45e-42c5-ac1f-c1a53d8811ab}</UniqueIdentifier>
    </Filter>
    <Filter Include="[5]___________[ mata_ENGINE ]\[ Framework ]">
      <UniqueIdentifier>{f7b86d35-cb50-4352-9482-a8fb321f19f4}</UniqueIdentifier>
    </Filter>
    <Filter Include="[5]___________[ mata_ENGINE ]\[ System]\[ System Resources ]">
      <UniqueIdentifier>{60990a8d-71aa-447d-aab7-dfa6b035b3b2}</UniqueIdentifier>
    </Filter>
    <Filter Include="[5]___________[ mata_ENGINE ]\[ System]\[ System Screen ]">
      <UniqueIdentifier>{72861b3d-de20-4a1f-8b20-f9a51180fa19}</UniqueIdentifier>
    </Filter>
    <Filter Include="[5]___________[ mata_ENGINE ]\[ System]\[ System Screen ]\[ Loading Screen ]">
      <UniqueIdentifier>{6f9feb32-caf8-47a4-81e8-8e185b9568e2}</UniqueIdentifier>
    </Filter>
    <Filter Include="[5]___________[ mata_ENGINE ]\[ System]\[ System Screen ]\[ Intro Screen ]">
      <UniqueIdentifier>{4a1206d3-4fd8-4d3a-bfc8-d6d6639ec18c}</UniqueIdentifier>
    </Filter>
    <Filter Include="[5]___________[ mata_ENGINE ]\[ System]\[ Main ]">
      <UniqueIdentifier>{0db3b7f8-93be-4b88-bfa5-da8ad252be70}</UniqueIdentifier>
    </Filter>
    <Filter Include="[3]___________[ Util ]">
      <UniqueIdentifier>{019278b2-60d4-4cad-b935-d813a31f2c87}</UniqueIdentifier>
    </Filter>
    <Filter Include="[3]___________[ Util ]\[ Camera Util ]">
      <UniqueIdentifier>{a94ebc27-9b04-4c84-b876-bb9fcb87cae4}</UniqueIdentifier>
    </Filter>
    <Filter Include="[3]___________[ Util ]\[ Collision Util ]">
      <UniqueIdentifier>{4048cd52-6e69-47f1-ad3d-07de4f88f83e}</UniqueIdentifier>
    </Filter>
    <Filter Include="[3]___________[ Util ]\[ Image Util ]">
      <UniqueIdentifier>{fa74e18f-898f-4b61-addd-ca55a9892895}</UniqueIdentifier>
    </Filter>
    <Filter Include="[3]___________[ Util ]\[ Mouse Util ]">
      <UniqueIdentifier>{3fbba05c-17d5-4a1e-9a94-8c237067a9a5}</UniqueIdentifier>
    </Filter>
    <Filter Include="[3]___________[ Util ]\[ Shader Util ]">
      <UniqueIdentifier>{b56d104c-471b-4b68-914e-a701e7902ee0}</UniqueIdentifier>
    </Filter>
    <Filter Include="[3]___________[ Util ]\[ Text Util ]">
      <UniqueIdentifier>{ebbafb29-e74d-4f67-ae00-7ab61d0dd40e}</UniqueIdentifier>
    </Filter>
    <Filter Include="[3]___________[ Util ]\[ Font Util ]">
      <UniqueIdentifier>{f2cdada2-a380-46fd-8cf3-b9ff333dcc11}</UniqueIdentifier>
    </Filter>
    <Filter Include="[3]___________[ Util ]\[ Random Util ]">
      <UniqueIdentifier>{a260c5f1-65f3-4ff6-afa8-97676fbd2054}</UniqueIdentifier>
    </Filter>
    <Filter Include="[3]___________[ Util ]\[ Timer Util ]">
      <UniqueIdentifier>{6c809ee9-0b72-4df6-a180-049726371c03}</UniqueIdentifier>
    </Filter>
    <Filter Include="[3]___________[ Util ]\[ Physics Util ]">
      <UniqueIdentifier>{63469aed-9fc3-41f7-bbf0-32d2050b40a6}</UniqueIdentifier>
    </Filter>
    <Filter Include="[3]___________[ Util ]\[ AnimationUtil ]">
      <UniqueIdentifier>{4850e16c-dcfa-4087-ac33-4dcbebf53e98}</UniqueIdentifier>
    </Filter>
    <Filter Include="[3]___________[ Util ]\[ Transform Util ]">
      <UniqueIdentifier>{99e4d969-648e-44c1-aa75-627cee0d810a}</UniqueIdentifier>
    </Filter>
    <Filter Include="[3]___________[ Util ]\[ MathUtil ]">
      <UniqueIdentifier>{4a85a4fd-aaad-4cd4-9601-add0201898fa}</UniqueIdentifier>
    </Filter>
    <Filter Include="[3]___________[ Util ]\[ Clipping Util ]">
      <UniqueIdentifier>{9bceb82f-2ade-4d6d-9360-521458e8d522}</UniqueIdentifier>
    </Filter>
    <Filter Include="[3]___________[ Util ]\[ UI Util ]">
      <UniqueIdentifier>{4bc61999-6038-4873-89f1-097ff59edac5}</UniqueIdentifier>
    </Filter>
    <Filter Include="[3]___________[ Util ]\[ Move Util ]">
      <UniqueIdentifier>{a3986c5c-3d03-4f63-ba7d-4f37ac97802a}</UniqueIdentifier>
    </Filter>
    <Filter Include="[3]___________[ Util ]\[ Sound Util ]">
      <UniqueIdentifier>{22512964-c0e1-42b6-8ae0-9c32d227bc22}</UniqueIdentifier>
    </Filter>
    <Filter Include="[3]___________[ Util ]\[ EX Util ]">
      <UniqueIdentifier>{7143f403-e5d1-41d0-946b-ebb32ffaf2ae}</UniqueIdentifier>
    </Filter>
    <Filter Include="[3]___________[ Util ]\[ FIle Util ]">
      <UniqueIdentifier>{d2e93683-5de8-4639-98b5-ff99bff6c54f}</UniqueIdentifier>
    </Filter>
    <Filter Include="[4]___________[ Resources ]\[ Resource ]">
      <UniqueIdentifier>{471a1c4e-f93c-409b-b71c-df69808118a8}</UniqueIdentifier>
    </Filter>
    <Filter Include="[4]___________[ Resources ]\[ Data ]">
      <UniqueIdentifier>{5cc44f36-1978-4df0-84ee-7042daee1b18}</UniqueIdentifier>
    </Filter>
    <Filter Include="[3]___________[ Util ]\[ Script Util ]">
      <UniqueIdentifier>{81f53a74-031c-406e-82e2-a9d6a7f85d59}</UniqueIdentifier>
    </Filter>
    <Filter Include="[5]___________[ mata_ENGINE ]\[ System]\[TinyXML]">
      <UniqueIdentifier>{b411906d-dba6-43b2-9fb9-8fdc86ab615a}</UniqueIdentifier>
    </Filter>
    <Filter Include="[5]___________[ mata_ENGINE ]\[ System]\[TinyXML]\[ Header ]">
      <UniqueIdentifier>{0e3bd161-f85a-4c63-9fec-ca808700d64f}</UniqueIdentifier>
    </Filter>
    <Filter Include="[5]___________[ mata_ENGINE ]\[ System]\[TinyXML]\[ CPP ]">
      <UniqueIdentifier>{8687cc53-1f7c-47a2-a2ed-4388623b0fa3}</UniqueIdentifier>
    </Filter>
    <Filter Include="[3]___________[ Util ]\[ Camera Util ]\[ Camera ]">
      <UniqueIdentifier>{f246ec1e-8aa5-4a4c-86c6-75a511ec4ed6}</UniqueIdentifier>
    </Filter>
    <Filter Include="[3]___________[ Util ]\[ Camera Util ]\[ Controller ]">
      <UniqueIdentifier>{1480f021-43d6-4f12-9a82-8d6fb6ea2cfc}</UniqueIdentifier>
    </Filter>
  </ItemGroup>
  <ItemGroup>
    <ClCompile Include="GameMode1.cpp">
      <Filter>[1]___________[ GameMode ]\[ Mode1 ]</Filter>
    </ClCompile>
    <ClCompile Include="GameObject.cpp">
      <Filter>[2]___________[ Object ]\[3][ Object Template ]</Filter>
    </ClCompile>
    <ClCompile Include="CollisionUtil.cpp">
      <Filter>[3]___________[ Util ]\[ Collision Util ]</Filter>
    </ClCompile>
    <ClCompile Include="ImageUtil.cpp">
      <Filter>[3]___________[ Util ]\[ Image Util ]</Filter>
    </ClCompile>
    <ClCompile Include="MouseUtil.cpp">
      <Filter>[3]___________[ Util ]\[ Mouse Util ]</Filter>
    </ClCompile>
    <ClCompile Include="TextUtil.cpp">
      <Filter>[3]___________[ Util ]\[ Text Util ]</Filter>
    </ClCompile>
    <ClCompile Include="SoundUtil.cpp">
      <Filter>[3]___________[ Util ]\[ Sound Util ]</Filter>
    </ClCompile>
    <ClCompile Include="FileUtil.cpp">
      <Filter>[3]___________[ Util ]\[ FIle Util ]</Filter>
    </ClCompile>
    <ClCompile Include="FontLoaderUtil.cpp">
      <Filter>[3]___________[ Util ]\[ Font Util ]</Filter>
    </ClCompile>
    <ClCompile Include="RandomUtil.cpp">
      <Filter>[3]___________[ Util ]\[ Random Util ]</Filter>
    </ClCompile>
    <ClCompile Include="TimerUtil.cpp">
      <Filter>[3]___________[ Util ]\[ Timer Util ]</Filter>
    </ClCompile>
    <ClCompile Include="PhysicsUtil.cpp">
      <Filter>[3]___________[ Util ]\[ Physics Util ]</Filter>
    </ClCompile>
    <ClCompile Include="ShaderUtil.cpp">
      <Filter>[3]___________[ Util ]\[ Shader Util ]</Filter>
    </ClCompile>
    <ClCompile Include="AnimationUtil.cpp">
      <Filter>[3]___________[ Util ]\[ AnimationUtil ]</Filter>
    </ClCompile>
    <ClCompile Include="SystemResources.cpp">
      <Filter>[5]___________[ mata_ENGINE ]\[ System]\[ System Resources ]</Filter>
    </ClCompile>
    <ClCompile Include="Framework.cpp">
      <Filter>[5]___________[ mata_ENGINE ]\[ Framework ]</Filter>
    </ClCompile>
    <ClCompile Include="LoadingMode.cpp">
      <Filter>[5]___________[ mata_ENGINE ]\[ System]\[ System Screen ]\[ Loading Screen ]</Filter>
    </ClCompile>
    <ClCompile Include="IntroMode.cpp">
      <Filter>[5]___________[ mata_ENGINE ]\[ System]\[ System Screen ]\[ Intro Screen ]</Filter>
    </ClCompile>
    <ClCompile Include="SetUp.cpp">
      <Filter>[5]___________[ mata_ENGINE ]\[ System]\[ Main ]</Filter>
    </ClCompile>
    <ClCompile Include="Main.cpp">
      <Filter>[5]___________[ mata_ENGINE ]\[ System]\[ Main ]</Filter>
    </ClCompile>
    <ClCompile Include="Display.cpp">
      <Filter>[5]___________[ mata_ENGINE ]\[ System]\[ Main ]</Filter>
    </ClCompile>
    <ClCompile Include="TransformUtil.cpp">
      <Filter>[3]___________[ Util ]\[ Transform Util ]</Filter>
    </ClCompile>
    <ClCompile Include="MathUtil.cpp">
      <Filter>[3]___________[ Util ]\[ MathUtil ]</Filter>
    </ClCompile>
    <ClCompile Include="ClippingUtil.cpp">
      <Filter>[3]___________[ Util ]\[ Clipping Util ]</Filter>
    </ClCompile>
    <ClCompile Include="UiUtil.cpp">
      <Filter>[3]___________[ Util ]\[ UI Util ]</Filter>
    </ClCompile>
    <ClCompile Include="StartMode.cpp">
      <Filter>[5]___________[ mata_ENGINE ]\[ Setting ]</Filter>
    </ClCompile>
    <ClCompile Include="MoveUtil.cpp">
      <Filter>[3]___________[ Util ]\[ Move Util ]</Filter>
    </ClCompile>
    <ClCompile Include="ExUtil.cpp">
      <Filter>[3]___________[ Util ]\[ EX Util ]</Filter>
    </ClCompile>
    <ClCompile Include="tinyxml\tinyxmlparser.cpp">
      <Filter>[5]___________[ mata_ENGINE ]\[ System]\[TinyXML]\[ CPP ]</Filter>
    </ClCompile>
    <ClCompile Include="tinyxml\tinyxmlerror.cpp">
      <Filter>[5]___________[ mata_ENGINE ]\[ System]\[TinyXML]\[ CPP ]</Filter>
    </ClCompile>
    <ClCompile Include="tinyxml\tinyxml.cpp">
      <Filter>[5]___________[ mata_ENGINE ]\[ System]\[TinyXML]\[ CPP ]</Filter>
    </ClCompile>
    <ClCompile Include="tinyxml\tinystr.cpp">
      <Filter>[5]___________[ mata_ENGINE ]\[ System]\[TinyXML]\[ CPP ]</Filter>
    </ClCompile>
    <ClCompile Include="CustomResources.cpp">
      <Filter>[4]___________[ Resources ]\[ Resource ]</Filter>
    </ClCompile>
    <ClCompile Include="DataList.cpp">
      <Filter>[4]___________[ Resources ]\[ Data ]</Filter>
    </ClCompile>
    <ClCompile Include="ScriptUtil.cpp">
      <Filter>[3]___________[ Util ]\[ Script Util ]</Filter>
    </ClCompile>
    <ClCompile Include="CameraUtil.cpp">
      <Filter>[3]___________[ Util ]\[ Camera Util ]\[ Camera ]</Filter>
    </ClCompile>
    <ClCompile Include="CameraController.cpp">
      <Filter>[3]___________[ Util ]\[ Camera Util ]\[ Controller ]</Filter>
    </ClCompile>
  </ItemGroup>
  <ItemGroup>
    <ClInclude Include="GameMode1.h">
      <Filter>[1]___________[ GameMode ]\[ Mode1 ]</Filter>
    </ClInclude>
    <ClInclude Include="GameObject.h">
      <Filter>[2]___________[ Object ]\[3][ Object Template ]</Filter>
    </ClInclude>
    <ClInclude Include="CollisionUtil.h">
      <Filter>[3]___________[ Util ]\[ Collision Util ]</Filter>
    </ClInclude>
    <ClInclude Include="ImageUtil.h">
      <Filter>[3]___________[ Util ]\[ Image Util ]</Filter>
    </ClInclude>
    <ClInclude Include="MouseUtil.h">
      <Filter>[3]___________[ Util ]\[ Mouse Util ]</Filter>
    </ClInclude>
    <ClInclude Include="ShaderUtil.h">
      <Filter>[3]___________[ Util ]\[ Shader Util ]</Filter>
    </ClInclude>
    <ClInclude Include="TextUtil.h">
      <Filter>[3]___________[ Util ]\[ Text Util ]</Filter>
    </ClInclude>
    <ClInclude Include="SoundUtil.h">
      <Filter>[3]___________[ Util ]\[ Sound Util ]</Filter>
    </ClInclude>
    <ClInclude Include="FileUtil.h">
      <Filter>[3]___________[ Util ]\[ FIle Util ]</Filter>
    </ClInclude>
    <ClInclude Include="FontLoaderUtil.h">
      <Filter>[3]___________[ Util ]\[ Font Util ]</Filter>
    </ClInclude>
    <ClInclude Include="RandomUtil.h">
      <Filter>[3]___________[ Util ]\[ Random Util ]</Filter>
    </ClInclude>
    <ClInclude Include="TimerUtil.h">
      <Filter>[3]___________[ Util ]\[ Timer Util ]</Filter>
    </ClInclude>
    <ClInclude Include="PhysicsUtil.h">
      <Filter>[3]___________[ Util ]\[ Physics Util ]</Filter>
    </ClInclude>
    <ClInclude Include="AnimationUtil.h">
      <Filter>[3]___________[ Util ]\[ AnimationUtil ]</Filter>
    </ClInclude>
    <ClInclude Include="EngineHeader.h">
      <Filter>[5]___________[ mata_ENGINE ]\[ Header ]</Filter>
    </ClInclude>
    <ClInclude Include="Setting.h">
      <Filter>[5]___________[ mata_ENGINE ]\[ Setting ]</Filter>
    </ClInclude>
    <ClInclude Include="Framework.h">
      <Filter>[5]___________[ mata_ENGINE ]\[ Framework ]</Filter>
    </ClInclude>
    <ClInclude Include="LoadingMode.h">
      <Filter>[5]___________[ mata_ENGINE ]\[ System]\[ System Screen ]\[ Loading Screen ]</Filter>
    </ClInclude>
    <ClInclude Include="LoadingScreen.h">
      <Filter>[5]___________[ mata_ENGINE ]\[ System]\[ System Screen ]\[ Loading Screen ]</Filter>
    </ClInclude>
    <ClInclude Include="IntroScreen.h">
      <Filter>[5]___________[ mata_ENGINE ]\[ System]\[ System Screen ]\[ Intro Screen ]</Filter>
    </ClInclude>
    <ClInclude Include="IntroMode.h">
      <Filter>[5]___________[ mata_ENGINE ]\[ System]\[ System Screen ]\[ Intro Screen ]</Filter>
    </ClInclude>
    <ClInclude Include="TransformUtil.h">
      <Filter>[3]___________[ Util ]\[ Transform Util ]</Filter>
    </ClInclude>
    <ClInclude Include="MathUtil.h">
      <Filter>[3]___________[ Util ]\[ MathUtil ]</Filter>
    </ClInclude>
    <ClInclude Include="ClippingUtil.h">
      <Filter>[3]___________[ Util ]\[ Clipping Util ]</Filter>
    </ClInclude>
    <ClInclude Include="UiUtil.h">
      <Filter>[3]___________[ Util ]\[ UI Util ]</Filter>
    </ClInclude>
    <ClInclude Include="SystemResources.h">
      <Filter>[5]___________[ mata_ENGINE ]\[ System]\[ System Resources ]</Filter>
    </ClInclude>
    <ClInclude Include="MoveUtil.h">
      <Filter>[3]___________[ Util ]\[ Move Util ]</Filter>
    </ClInclude>
    <ClInclude Include="ExUtil.h">
      <Filter>[3]___________[ Util ]\[ EX Util ]</Filter>
    </ClInclude>
    <ClInclude Include="tinyxml\tinystr.h">
      <Filter>[5]___________[ mata_ENGINE ]\[ System]\[TinyXML]\[ Header ]</Filter>
    </ClInclude>
    <ClInclude Include="tinyxml\tinyxml.h">
      <Filter>[5]___________[ mata_ENGINE ]\[ System]\[TinyXML]\[ Header ]</Filter>
    </ClInclude>
    <ClInclude Include="CustomResources.h">
      <Filter>[4]___________[ Resources ]\[ Resource ]</Filter>
    </ClInclude>
    <ClInclude Include="DataList.h">
      <Filter>[4]___________[ Resources ]\[ Data ]</Filter>
    </ClInclude>
    <ClInclude Include="ScriptUtil.h">
      <Filter>[3]___________[ Util ]\[ Script Util ]</Filter>
    </ClInclude>
    <ClInclude Include="CameraUtil.h">
      <Filter>[3]___________[ Util ]\[ Camera Util ]\[ Camera ]</Filter>
    </ClInclude>
    <ClInclude Include="CameraController.h">
      <Filter>[3]___________[ Util ]\[ Camera Util ]\[ Controller ]</Filter>
    </ClInclude>
  </ItemGroup>
  <ItemGroup>
    <Text Include="ModeTemplate.txt">
      <Filter>[6]___________[ Template ]</Filter>
    </Text>
  </ItemGroup>
  <ItemGroup>
    <None Include="SystemResource\GLSL\Fragment_Image.glsl">
      <Filter>[5]___________[ mata_ENGINE ]\[ GLSL ]</Filter>
    </None>
    <None Include="SystemResource\GLSL\Fragment_Text.glsl">
      <Filter>[5]___________[ mata_ENGINE ]\[ GLSL ]</Filter>
    </None>
    <None Include="SystemResource\GLSL\Vertex.glsl">
      <Filter>[5]___________[ mata_ENGINE ]\[ GLSL ]</Filter>
    </None>
  </ItemGroup>
</Project>