<?xml version="1.0" encoding="utf-8"?>
<Project ToolsVersion="4.0" xmlns="http://schemas.microsoft.com/developer/msbuild/2003">
  <ItemGroup>
    <Filter Include="[6]___________[ Template ]">
      <UniqueIdentifier>{a0f3d2c9-d45e-42c5-ac1f-c1a53d8811ab}</UniqueIdentifier>
    </Filter>
    <Filter Include="[2]___________[ Object ]">
      <UniqueIdentifier>{56801dea-cc93-4de6-be84-193b881c5076}</UniqueIdentifier>
    </Filter>
    <Filter Include="[3]___________[ Camera ]">
      <UniqueIdentifier>{a94ebc27-9b04-4c84-b876-bb9fcb87cae4}</UniqueIdentifier>
    </Filter>
    <Filter Include="[0]___________[ Config ]">
      <UniqueIdentifier>{c229d7fb-288d-4e48-b8b0-7e7dbd38a78d}</UniqueIdentifier>
    </Filter>
    <Filter Include="[4]___________[ Resource ]">
      <UniqueIdentifier>{a23e0c3a-d6ca-4199-bc98-de8c1d7c55be}</UniqueIdentifier>
    </Filter>
    <Filter Include="[3]___________[ Camera ]\[ Camera ]">
      <UniqueIdentifier>{9990af27-0b07-48b1-ab0a-58b277843e13}</UniqueIdentifier>
    </Filter>
    <Filter Include="[7[___________[ API Resource ]">
      <UniqueIdentifier>{dd4071a8-b834-4a09-86b3-ada6ee4f3823}</UniqueIdentifier>
    </Filter>
    <Filter Include="[1]___________[ Mode ]">
      <UniqueIdentifier>{824d0f24-8e5b-4c58-99e5-e019f51ea99a}</UniqueIdentifier>
    </Filter>
    <Filter Include="[1]___________[ Mode ]\[1]_[ Modes ]">
      <UniqueIdentifier>{8f517fc9-5b73-4fde-859b-a7d4c4bad5e1}</UniqueIdentifier>
    </Filter>
    <Filter Include="[1]___________[ Mode ]\[0]_[ Mode  Attributes ]">
      <UniqueIdentifier>{e5570cb2-8557-4f05-9d45-ce94e1bf6e24}</UniqueIdentifier>
    </Filter>
    <Filter Include="[5]___________[ QuadPent ]">
      <UniqueIdentifier>{7f6a4887-d06e-4c65-963d-2b7d61cea12c}</UniqueIdentifier>
    </Filter>
    <Filter Include="[5]___________[ QuadPent ]\[ Header ]">
      <UniqueIdentifier>{2f35df9f-153e-4b4a-906d-058f259a0979}</UniqueIdentifier>
    </Filter>
    <Filter Include="[5]___________[ QuadPent ]\[ Main ]">
      <UniqueIdentifier>{0db3b7f8-93be-4b88-bfa5-da8ad252be70}</UniqueIdentifier>
    </Filter>
    <Filter Include="[5]___________[ QuadPent ]\[ Component ]">
      <UniqueIdentifier>{6aaf8eac-eea7-4a90-9b92-e101ec07e1dd}</UniqueIdentifier>
    </Filter>
    <Filter Include="[5]___________[ QuadPent ]\[ Component ]\[ Shader ]">
      <UniqueIdentifier>{37be597c-421f-49a1-a552-2dfe31eea27a}</UniqueIdentifier>
    </Filter>
    <Filter Include="[5]___________[ QuadPent ]\[ Component ]\[ Shader ]\[ GLSL ]">
      <UniqueIdentifier>{4eec4c3d-2375-48d7-85d7-413e0553d75c}</UniqueIdentifier>
    </Filter>
    <Filter Include="[5]___________[ QuadPent ]\[ Component ]\[ Shader ]\[ GLSL ]\[ 4.6 ]">
      <UniqueIdentifier>{0c238ead-08b4-4271-9e59-c6a7f022ce12}</UniqueIdentifier>
    </Filter>
    <Filter Include="[5]___________[ QuadPent ]\[ Component ]\[ Shader ]\[ GLSL ]\[ 4.5 ]">
      <UniqueIdentifier>{74002c97-6395-4a56-8331-221b0b283cc2}</UniqueIdentifier>
    </Filter>
    <Filter Include="[5]___________[ QuadPent ]\[ Component ]\[ Shader ]\[ GLSL ]\[ 4.4 ]">
      <UniqueIdentifier>{a96f8cde-b32f-4e31-b2ca-fa1140e0a217}</UniqueIdentifier>
    </Filter>
    <Filter Include="[5]___________[ QuadPent ]\[ Component ]\[ Shader ]\[ GLSL ]\[ 4.3 ]">
      <UniqueIdentifier>{b946cfa6-662b-4943-b67f-28c6badb8c30}</UniqueIdentifier>
    </Filter>
    <Filter Include="[5]___________[ QuadPent ]\[ Component ]\[ Scene ]">
      <UniqueIdentifier>{f7b86d35-cb50-4352-9482-a8fb321f19f4}</UniqueIdentifier>
    </Filter>
    <Filter Include="[5]___________[ QuadPent ]\[ Component ]\[ Pack ]">
      <UniqueIdentifier>{4ac8fdab-c6e0-4a90-83ec-beeca66a9ba4}</UniqueIdentifier>
    </Filter>
    <Filter Include="[5]___________[ QuadPent ]\[ Component ]\[ Tool ]">
      <UniqueIdentifier>{019278b2-60d4-4cad-b935-d813a31f2c87}</UniqueIdentifier>
    </Filter>
    <Filter Include="[5]___________[ QuadPent ]\[ Component ]\[ Tool ]\[ Object Tool ]">
      <UniqueIdentifier>{30875c24-7d24-492f-89bd-a5ed537d6bdb}</UniqueIdentifier>
    </Filter>
    <Filter Include="[5]___________[ QuadPent ]\[ Component ]\[ Tool ]\[ Object Tool ]\[ Timer ]">
      <UniqueIdentifier>{6c809ee9-0b72-4df6-a180-049726371c03}</UniqueIdentifier>
    </Filter>
    <Filter Include="[5]___________[ QuadPent ]\[ Component ]\[ Tool ]\[ Object Tool ]\[ Text ]">
      <UniqueIdentifier>{ebbafb29-e74d-4f67-ae00-7ab61d0dd40e}</UniqueIdentifier>
    </Filter>
    <Filter Include="[5]___________[ QuadPent ]\[ Component ]\[ Tool ]\[ Object Tool ]\[ Text ]\[ Font ]">
      <UniqueIdentifier>{7a0197c5-b554-41ed-8f0c-cd00a83ce428}</UniqueIdentifier>
    </Filter>
    <Filter Include="[5]___________[ QuadPent ]\[ Component ]\[ Tool ]\[ Object Tool ]\[ Shape ]">
      <UniqueIdentifier>{74b0aa9a-a87c-4a17-bdd5-d4f93ac8a450}</UniqueIdentifier>
    </Filter>
    <Filter Include="[5]___________[ QuadPent ]\[ Component ]\[ Tool ]\[ Object Tool ]\[ Shape ]\[ Line ]">
      <UniqueIdentifier>{186e77d4-d667-4ca8-a7db-0c4ff78a4275}</UniqueIdentifier>
    </Filter>
    <Filter Include="[5]___________[ QuadPent ]\[ Component ]\[ Tool ]\[ Object Tool ]\[ Shape ]\[ Rect ]">
      <UniqueIdentifier>{1717a6b1-c315-40dc-a9e1-71209e40100b}</UniqueIdentifier>
    </Filter>
    <Filter Include="[5]___________[ QuadPent ]\[ Component ]\[ Tool ]\[ Object Tool ]\[ Shape ]\[ Circle ]">
      <UniqueIdentifier>{8ca8864d-f116-4649-ac79-d0c373874068}</UniqueIdentifier>
    </Filter>
    <Filter Include="[5]___________[ QuadPent ]\[ Component ]\[ Tool ]\[ Object Tool ]\[ Physics ]">
      <UniqueIdentifier>{63469aed-9fc3-41f7-bbf0-32d2050b40a6}</UniqueIdentifier>
    </Filter>
    <Filter Include="[5]___________[ QuadPent ]\[ Component ]\[ Tool ]\[ Object Tool ]\[ Data ]">
      <UniqueIdentifier>{d2e93683-5de8-4639-98b5-ff99bff6c54f}</UniqueIdentifier>
    </Filter>
    <Filter Include="[5]___________[ QuadPent ]\[ Component ]\[ Tool ]\[ Object Tool ]\[ Script ]">
      <UniqueIdentifier>{81f53a74-031c-406e-82e2-a9d6a7f85d59}</UniqueIdentifier>
    </Filter>
    <Filter Include="[5]___________[ QuadPent ]\[ Component ]\[ Tool ]\[ Object Tool ]\[ Animation ]">
      <UniqueIdentifier>{4850e16c-dcfa-4087-ac33-4dcbebf53e98}</UniqueIdentifier>
    </Filter>
    <Filter Include="[5]___________[ QuadPent ]\[ Component ]\[ Tool ]\[ Object Tool ]\[ Collision ]">
      <UniqueIdentifier>{4048cd52-6e69-47f1-ad3d-07de4f88f83e}</UniqueIdentifier>
    </Filter>
    <Filter Include="[5]___________[ QuadPent ]\[ Component ]\[ Tool ]\[ Global Tool ]">
      <UniqueIdentifier>{61b7533a-082a-4ffc-915c-ee26f517dcc5}</UniqueIdentifier>
    </Filter>
    <Filter Include="[5]___________[ QuadPent ]\[ Component ]\[ Tool ]\[ Global Tool ]\[ UI ]">
      <UniqueIdentifier>{4bc61999-6038-4873-89f1-097ff59edac5}</UniqueIdentifier>
    </Filter>
    <Filter Include="[5]___________[ QuadPent ]\[ Component ]\[ Tool ]\[ Global Tool ]\[ Transform ]">
      <UniqueIdentifier>{97cfbf89-8ee3-4d67-b4fb-aed1f7833e3b}</UniqueIdentifier>
    </Filter>
    <Filter Include="[5]___________[ QuadPent ]\[ Component ]\[ Tool ]\[ Global Tool ]\[ Thread ]">
      <UniqueIdentifier>{7fd964a6-1f53-4574-8c6f-a2bbbea7a889}</UniqueIdentifier>
    </Filter>
    <Filter Include="[5]___________[ QuadPent ]\[ Component ]\[ Tool ]\[ Global Tool ]\[ String ]">
      <UniqueIdentifier>{0d426163-3f7a-4344-9513-1c4da459934c}</UniqueIdentifier>
    </Filter>
    <Filter Include="[5]___________[ QuadPent ]\[ Component ]\[ Tool ]\[ Global Tool ]\[ Sound ]">
      <UniqueIdentifier>{22512964-c0e1-42b6-8ae0-9c32d227bc22}</UniqueIdentifier>
    </Filter>
    <Filter Include="[5]___________[ QuadPent ]\[ Component ]\[ Tool ]\[ Global Tool ]\[ Random ]">
      <UniqueIdentifier>{a260c5f1-65f3-4ff6-afa8-97676fbd2054}</UniqueIdentifier>
    </Filter>
    <Filter Include="[5]___________[ QuadPent ]\[ Component ]\[ Tool ]\[ Global Tool ]\[ Move ]">
      <UniqueIdentifier>{a3986c5c-3d03-4f63-ba7d-4f37ac97802a}</UniqueIdentifier>
    </Filter>
    <Filter Include="[5]___________[ QuadPent ]\[ Component ]\[ Tool ]\[ Global Tool ]\[ Mouse ]">
      <UniqueIdentifier>{3fbba05c-17d5-4a1e-9a94-8c237067a9a5}</UniqueIdentifier>
    </Filter>
    <Filter Include="[5]___________[ QuadPent ]\[ Component ]\[ Tool ]\[ Global Tool ]\[ Math ]">
      <UniqueIdentifier>{4a85a4fd-aaad-4cd4-9601-add0201898fa}</UniqueIdentifier>
    </Filter>
    <Filter Include="[5]___________[ QuadPent ]\[ Component ]\[ Tool ]\[ Global Tool ]\[ Image ]">
      <UniqueIdentifier>{fa74e18f-898f-4b61-addd-ca55a9892895}</UniqueIdentifier>
    </Filter>
    <Filter Include="[5]___________[ QuadPent ]\[ Component ]\[ Tool ]\[ Global Tool ]\[ Frustum ]">
      <UniqueIdentifier>{c0d402a3-6a02-46a7-9a5d-b38ba1216622}</UniqueIdentifier>
    </Filter>
    <Filter Include="[5]___________[ QuadPent ]\[ Component ]\[ Tool ]\[ Global Tool ]\[ EX ]">
      <UniqueIdentifier>{7143f403-e5d1-41d0-946b-ebb32ffaf2ae}</UniqueIdentifier>
    </Filter>
    <Filter Include="[5]___________[ QuadPent ]\[ Component ]\[ Tool ]\[ Global Tool ]\[ Clipping ]">
      <UniqueIdentifier>{9bceb82f-2ade-4d6d-9360-521458e8d522}</UniqueIdentifier>
    </Filter>
    <Filter Include="[5]___________[ QuadPent ]\[ Component ]\[ Tool ]\[ Global Tool ]\[ Font Loader ]">
      <UniqueIdentifier>{f2cdada2-a380-46fd-8cf3-b9ff333dcc11}</UniqueIdentifier>
    </Filter>
    <Filter Include="[5]___________[ QuadPent ]\[ Component ]\[ Object Component ]">
      <UniqueIdentifier>{f67944b9-c91f-464e-976e-0b8958cf7ab9}</UniqueIdentifier>
    </Filter>
    <Filter Include="[5]___________[ QuadPent ]\[ Component ]\[ Object Component ]\[ Object Value ]">
      <UniqueIdentifier>{8b8a436e-7668-404f-9fa0-864c2eec418e}</UniqueIdentifier>
    </Filter>
    <Filter Include="[5]___________[ QuadPent ]\[ Component ]\[ Object Component ]\[ Object Function ]">
      <UniqueIdentifier>{cf323af4-23d4-4c71-8465-343a3c3f46e8}</UniqueIdentifier>
    </Filter>
    <Filter Include="[5]___________[ QuadPent ]\[ Component ]\[ Object Component ]\[ Object Header ]">
      <UniqueIdentifier>{05628533-00de-4351-ac40-125726e22dc0}</UniqueIdentifier>
    </Filter>
    <Filter Include="[5]___________[ QuadPent ]\[ Component ]\[ System ]">
      <UniqueIdentifier>{70ed2b80-52cf-4994-be3f-bc0ec919945a}</UniqueIdentifier>
    </Filter>
    <Filter Include="[5]___________[ QuadPent ]\[ Component ]\[ System ]\[ System Object ]">
      <UniqueIdentifier>{57050332-3d29-4055-88b0-c73c659f16cb}</UniqueIdentifier>
    </Filter>
    <Filter Include="[5]___________[ QuadPent ]\[ Component ]\[ System ]\[ System Resource ]">
      <UniqueIdentifier>{b2a227f6-1c45-48dc-a52d-aa18ff6adf09}</UniqueIdentifier>
    </Filter>
    <Filter Include="[5]___________[ QuadPent ]\[ Component ]\[ Misc ]">
      <UniqueIdentifier>{da528397-a6f0-4ef8-bcab-e3ea98bb5f1a}</UniqueIdentifier>
    </Filter>
    <Filter Include="[5]___________[ QuadPent ]\[ Component ]\[ Misc ]\[ TinyXML ]">
      <UniqueIdentifier>{b411906d-dba6-43b2-9fb9-8fdc86ab615a}</UniqueIdentifier>
    </Filter>
    <Filter Include="[5]___________[ QuadPent ]\[ Component ]\[ Misc ]\[ TinyXML ]\[ Header ]">
      <UniqueIdentifier>{0e3bd161-f85a-4c63-9fec-ca808700d64f}</UniqueIdentifier>
    </Filter>
    <Filter Include="[5]___________[ QuadPent ]\[ Component ]\[ Misc ]\[ TinyXML ]\[ CPP ]">
      <UniqueIdentifier>{8687cc53-1f7c-47a2-a2ed-4388623b0fa3}</UniqueIdentifier>
    </Filter>
    <Filter Include="[5]___________[ QuadPent ]\[ Component ]\[ System ]\[ Start Up ]">
      <UniqueIdentifier>{a4749d85-5f45-4c15-a9cd-08a1ef45352d}</UniqueIdentifier>
    </Filter>
  </ItemGroup>
  <ItemGroup>
    <ClCompile Include="SystemSource\Library\tinyxml\tinystr.cpp">
      <Filter>[5]___________[ QuadPent ]\[ Component ]\[ Misc ]\[ TinyXML ]\[ CPP ]</Filter>
    </ClCompile>
    <ClCompile Include="SystemSource\Library\tinyxml\tinyxml.cpp">
      <Filter>[5]___________[ QuadPent ]\[ Component ]\[ Misc ]\[ TinyXML ]\[ CPP ]</Filter>
    </ClCompile>
    <ClCompile Include="SystemSource\Library\tinyxml\tinyxmlerror.cpp">
      <Filter>[5]___________[ QuadPent ]\[ Component ]\[ Misc ]\[ TinyXML ]\[ CPP ]</Filter>
    </ClCompile>
    <ClCompile Include="SystemSource\Library\tinyxml\tinyxmlparser.cpp">
      <Filter>[5]___________[ QuadPent ]\[ Component ]\[ Misc ]\[ TinyXML ]\[ CPP ]</Filter>
    </ClCompile>
    <ClCompile Include="SystemSource\QuadPent_Shader.cpp">
      <Filter>[5]___________[ QuadPent ]\[ Component ]\[ Shader ]</Filter>
    </ClCompile>
    <ClCompile Include="SystemSource\QuadPent_Scene.cpp">
      <Filter>[5]___________[ QuadPent ]\[ Component ]\[ Scene ]</Filter>
    </ClCompile>
    <ClCompile Include="SystemSource\QuadPent_SoundTool.cpp">
      <Filter>[5]___________[ QuadPent ]\[ Component ]\[ Tool ]\[ Global Tool ]\[ Sound ]</Filter>
    </ClCompile>
    <ClCompile Include="SystemSource\QuadPent_AnimationTool.cpp">
      <Filter>[5]___________[ QuadPent ]\[ Component ]\[ Tool ]\[ Object Tool ]\[ Animation ]</Filter>
    </ClCompile>
    <ClCompile Include="SystemSource\QuadPent_Camera.cpp">
      <Filter>[3]___________[ Camera ]\[ Camera ]</Filter>
    </ClCompile>
    <ClCompile Include="SystemSource\QuadPent_CameraController.cpp">
      <Filter>[3]___________[ Camera ]</Filter>
    </ClCompile>
    <ClCompile Include="SystemSource\QuadPent_CircleBrush.cpp">
      <Filter>[5]___________[ QuadPent ]\[ Component ]\[ Tool ]\[ Object Tool ]\[ Shape ]\[ Circle ]</Filter>
    </ClCompile>
    <ClCompile Include="SystemSource\QuadPent_ClippingTool.cpp">
      <Filter>[5]___________[ QuadPent ]\[ Component ]\[ Tool ]\[ Global Tool ]\[ Clipping ]</Filter>
    </ClCompile>
    <ClCompile Include="SystemSource\QuadPent_Collision.cpp">
      <Filter>[5]___________[ QuadPent ]\[ Component ]\[ Tool ]\[ Object Tool ]\[ Collision ]</Filter>
    </ClCompile>
    <ClCompile Include="SystemSource\QuadPent_Data.cpp">
      <Filter>[5]___________[ QuadPent ]\[ Component ]\[ Tool ]\[ Object Tool ]\[ Data ]</Filter>
    </ClCompile>
    <ClCompile Include="SystemSource\QuadPent_Display.cpp">
      <Filter>[5]___________[ QuadPent ]\[ Main ]</Filter>
    </ClCompile>
    <ClCompile Include="SystemSource\QuadPent_FontLoader.cpp">
      <Filter>[5]___________[ QuadPent ]\[ Component ]\[ Tool ]\[ Global Tool ]\[ Font Loader ]</Filter>
    </ClCompile>
    <ClCompile Include="SystemSource\QuadPent_Frustum.cpp">
      <Filter>[5]___________[ QuadPent ]\[ Component ]\[ Tool ]\[ Global Tool ]\[ Frustum ]</Filter>
    </ClCompile>
    <ClCompile Include="SystemSource\QuadPent_ImageTool.cpp">
      <Filter>[5]___________[ QuadPent ]\[ Component ]\[ Tool ]\[ Global Tool ]\[ Image ]</Filter>
    </ClCompile>
    <ClCompile Include="SystemSource\QuadPent_LineBrush.cpp">
      <Filter>[5]___________[ QuadPent ]\[ Component ]\[ Tool ]\[ Object Tool ]\[ Shape ]\[ Line ]</Filter>
    </ClCompile>
    <ClCompile Include="SystemSource\QuadPent_Math.cpp">
      <Filter>[5]___________[ QuadPent ]\[ Component ]\[ Tool ]\[ Global Tool ]\[ Math ]</Filter>
    </ClCompile>
    <ClCompile Include="SystemSource\QuadPent_Main.cpp">
      <Filter>[5]___________[ QuadPent ]\[ Main ]</Filter>
    </ClCompile>
    <ClCompile Include="SystemSource\QuadPent_Mouse.cpp">
      <Filter>[5]___________[ QuadPent ]\[ Component ]\[ Tool ]\[ Global Tool ]\[ Mouse ]</Filter>
    </ClCompile>
    <ClCompile Include="SystemSource\QuadPent_MoveTool.cpp">
      <Filter>[5]___________[ QuadPent ]\[ Component ]\[ Tool ]\[ Global Tool ]\[ Move ]</Filter>
    </ClCompile>
    <ClCompile Include="SystemSource\QuadPent_ObjectValue.cpp">
      <Filter>[5]___________[ QuadPent ]\[ Component ]\[ Object Component ]\[ Object Value ]</Filter>
    </ClCompile>
    <ClCompile Include="SystemSource\QuadPent_Physics.cpp">
      <Filter>[5]___________[ QuadPent ]\[ Component ]\[ Tool ]\[ Object Tool ]\[ Physics ]</Filter>
    </ClCompile>
    <ClCompile Include="SystemSource\QuadPent_Random.cpp">
      <Filter>[5]___________[ QuadPent ]\[ Component ]\[ Tool ]\[ Global Tool ]\[ Random ]</Filter>
    </ClCompile>
    <ClCompile Include="SystemSource\QuadPent_RectBrush.cpp">
      <Filter>[5]___________[ QuadPent ]\[ Component ]\[ Tool ]\[ Object Tool ]\[ Shape ]\[ Rect ]</Filter>
    </ClCompile>
    <ClCompile Include="SystemSource\QuadPent_Script.cpp">
      <Filter>[5]___________[ QuadPent ]\[ Component ]\[ Tool ]\[ Object Tool ]\[ Script ]</Filter>
    </ClCompile>
    <ClCompile Include="SystemSource\QuadPent_SetUp.cpp">
      <Filter>[5]___________[ QuadPent ]\[ Main ]</Filter>
    </ClCompile>
    <ClCompile Include="SystemSource\QuadPent_StringTool.cpp">
      <Filter>[5]___________[ QuadPent ]\[ Component ]\[ Tool ]\[ Global Tool ]\[ String ]</Filter>
    </ClCompile>
    <ClCompile Include="SystemSource\QuadPent_Text.cpp">
      <Filter>[5]___________[ QuadPent ]\[ Component ]\[ Tool ]\[ Object Tool ]\[ Text ]</Filter>
    </ClCompile>
    <ClCompile Include="SystemSource\QuadPent_ThreadTool.cpp">
      <Filter>[5]___________[ QuadPent ]\[ Component ]\[ Tool ]\[ Global Tool ]\[ Thread ]</Filter>
    </ClCompile>
    <ClCompile Include="SystemSource\QuadPent_Timer.cpp">
      <Filter>[5]___________[ QuadPent ]\[ Component ]\[ Tool ]\[ Object Tool ]\[ Timer ]</Filter>
    </ClCompile>
    <ClCompile Include="SystemSource\QuadPent_Transform.cpp">
      <Filter>[5]___________[ QuadPent ]\[ Component ]\[ Tool ]\[ Global Tool ]\[ Transform ]</Filter>
    </ClCompile>
    <ClCompile Include="SystemSource\QuadPent_UITool.cpp">
      <Filter>[5]___________[ QuadPent ]\[ Component ]\[ Tool ]\[ Global Tool ]\[ UI ]</Filter>
    </ClCompile>
    <ClCompile Include="SystemSource\QuadPent_EXTool.cpp">
      <Filter>[5]___________[ QuadPent ]\[ Component ]\[ Tool ]\[ Global Tool ]\[ EX ]</Filter>
    </ClCompile>
    <ClCompile Include="SystemSource\QuadPent_Font.cpp">
      <Filter>[5]___________[ QuadPent ]\[ Component ]\[ Tool ]\[ Object Tool ]\[ Text ]\[ Font ]</Filter>
    </ClCompile>
    <ClCompile Include="SystemSource\QuadPent_ObjectFunction.cpp">
      <Filter>[5]___________[ QuadPent ]\[ Component ]\[ Object Component ]\[ Object Function ]</Filter>
    </ClCompile>
    <ClCompile Include="WorkSpace\Resource\QuadPent_ModeAttribute.cpp">
      <Filter>[1]___________[ Mode ]\[0]_[ Mode  Attributes ]</Filter>
    </ClCompile>
  </ItemGroup>
  <ItemGroup>
    <ClInclude Include="SystemSource\Library\tinyxml\tinystr.h">
      <Filter>[5]___________[ QuadPent ]\[ Component ]\[ Misc ]\[ TinyXML ]\[ Header ]</Filter>
    </ClInclude>
    <ClInclude Include="SystemSource\Library\tinyxml\tinyxml.h">
      <Filter>[5]___________[ QuadPent ]\[ Component ]\[ Misc ]\[ TinyXML ]\[ Header ]</Filter>
    </ClInclude>
    <ClInclude Include="SystemSource\QuadPent_Shader.h">
      <Filter>[5]___________[ QuadPent ]\[ Component ]\[ Shader ]</Filter>
    </ClInclude>
    <ClInclude Include="SystemSource\QuadPent_Scene.h">
      <Filter>[5]___________[ QuadPent ]\[ Component ]\[ Scene ]</Filter>
    </ClInclude>
    <ClInclude Include="SystemSource\QuadPent_SoundTool.h">
      <Filter>[5]___________[ QuadPent ]\[ Component ]\[ Tool ]\[ Global Tool ]\[ Sound ]</Filter>
    </ClInclude>
    <ClInclude Include="SystemSource\QuadPent_AnimationTool.h">
      <Filter>[5]___________[ QuadPent ]\[ Component ]\[ Tool ]\[ Object Tool ]\[ Animation ]</Filter>
    </ClInclude>
    <ClInclude Include="SystemSource\QuadPent_Camera.h">
      <Filter>[3]___________[ Camera ]\[ Camera ]</Filter>
    </ClInclude>
    <ClInclude Include="SystemSource\QuadPent_CameraController.h">
      <Filter>[3]___________[ Camera ]</Filter>
    </ClInclude>
    <ClInclude Include="SystemSource\QuadPent_CircleBrush.h">
      <Filter>[5]___________[ QuadPent ]\[ Component ]\[ Tool ]\[ Object Tool ]\[ Shape ]\[ Circle ]</Filter>
    </ClInclude>
    <ClInclude Include="SystemSource\QuadPent_ClippingTool.h">
      <Filter>[5]___________[ QuadPent ]\[ Component ]\[ Tool ]\[ Global Tool ]\[ Clipping ]</Filter>
    </ClInclude>
    <ClInclude Include="SystemSource\QuadPent_Collision.h">
      <Filter>[5]___________[ QuadPent ]\[ Component ]\[ Tool ]\[ Object Tool ]\[ Collision ]</Filter>
    </ClInclude>
    <ClInclude Include="SystemSource\QuadPent_Config.h">
      <Filter>[0]___________[ Config ]</Filter>
    </ClInclude>
    <ClInclude Include="SystemSource\QuadPent_Data.h">
      <Filter>[5]___________[ QuadPent ]\[ Component ]\[ Tool ]\[ Object Tool ]\[ Data ]</Filter>
    </ClInclude>
    <ClInclude Include="SystemSource\QuadPent_EXTool.h">
      <Filter>[5]___________[ QuadPent ]\[ Component ]\[ Tool ]\[ Global Tool ]\[ EX ]</Filter>
    </ClInclude>
    <ClInclude Include="SystemSource\QuadPent_FontLoader.h">
      <Filter>[5]___________[ QuadPent ]\[ Component ]\[ Tool ]\[ Global Tool ]\[ Font Loader ]</Filter>
    </ClInclude>
    <ClInclude Include="SystemSource\QuadPent_Frustum.h">
      <Filter>[5]___________[ QuadPent ]\[ Component ]\[ Tool ]\[ Global Tool ]\[ Frustum ]</Filter>
    </ClInclude>
    <ClInclude Include="SystemSource\QuadPent_Header.h">
      <Filter>[5]___________[ QuadPent ]\[ Header ]</Filter>
    </ClInclude>
    <ClInclude Include="SystemSource\QuadPent_ImageTool.h">
      <Filter>[5]___________[ QuadPent ]\[ Component ]\[ Tool ]\[ Global Tool ]\[ Image ]</Filter>
    </ClInclude>
    <ClInclude Include="SystemSource\QuadPent_LineBrush.h">
      <Filter>[5]___________[ QuadPent ]\[ Component ]\[ Tool ]\[ Object Tool ]\[ Shape ]\[ Line ]</Filter>
    </ClInclude>
    <ClInclude Include="SystemSource\QuadPent_Math.h">
      <Filter>[5]___________[ QuadPent ]\[ Component ]\[ Tool ]\[ Global Tool ]\[ Math ]</Filter>
    </ClInclude>
    <ClInclude Include="SystemSource\QuadPent_ModeHeader.h">
      <Filter>[5]___________[ QuadPent ]\[ Header ]</Filter>
    </ClInclude>
    <ClInclude Include="SystemSource\QuadPent_Mouse.h">
      <Filter>[5]___________[ QuadPent ]\[ Component ]\[ Tool ]\[ Global Tool ]\[ Mouse ]</Filter>
    </ClInclude>
    <ClInclude Include="SystemSource\QuadPent_MoveTool.h">
      <Filter>[5]___________[ QuadPent ]\[ Component ]\[ Tool ]\[ Global Tool ]\[ Move ]</Filter>
    </ClInclude>
    <ClInclude Include="SystemSource\QuadPent_ObjectValue.h">
      <Filter>[5]___________[ QuadPent ]\[ Component ]\[ Object Component ]\[ Object Value ]</Filter>
    </ClInclude>
    <ClInclude Include="SystemSource\QuadPent_Physics.h">
      <Filter>[5]___________[ QuadPent ]\[ Component ]\[ Tool ]\[ Object Tool ]\[ Physics ]</Filter>
    </ClInclude>
    <ClInclude Include="SystemSource\QuadPent_Random.h">
      <Filter>[5]___________[ QuadPent ]\[ Component ]\[ Tool ]\[ Global Tool ]\[ Random ]</Filter>
    </ClInclude>
    <ClInclude Include="SystemSource\QuadPent_RectBrush.h">
      <Filter>[5]___________[ QuadPent ]\[ Component ]\[ Tool ]\[ Object Tool ]\[ Shape ]\[ Rect ]</Filter>
    </ClInclude>
    <ClInclude Include="SystemSource\QuadPent_Script.h">
      <Filter>[5]___________[ QuadPent ]\[ Component ]\[ Tool ]\[ Object Tool ]\[ Script ]</Filter>
    </ClInclude>
    <ClInclude Include="SystemSource\QuadPent_StringTool.h">
      <Filter>[5]___________[ QuadPent ]\[ Component ]\[ Tool ]\[ Global Tool ]\[ String ]</Filter>
    </ClInclude>
    <ClInclude Include="SystemSource\QuadPent_Text.h">
      <Filter>[5]___________[ QuadPent ]\[ Component ]\[ Tool ]\[ Object Tool ]\[ Text ]</Filter>
    </ClInclude>
    <ClInclude Include="SystemSource\QuadPent_ThreadTool.h">
      <Filter>[5]___________[ QuadPent ]\[ Component ]\[ Tool ]\[ Global Tool ]\[ Thread ]</Filter>
    </ClInclude>
    <ClInclude Include="SystemSource\QuadPent_Timer.h">
      <Filter>[5]___________[ QuadPent ]\[ Component ]\[ Tool ]\[ Object Tool ]\[ Timer ]</Filter>
    </ClInclude>
    <ClInclude Include="SystemSource\QuadPent_Transform.h">
      <Filter>[5]___________[ QuadPent ]\[ Component ]\[ Tool ]\[ Global Tool ]\[ Transform ]</Filter>
    </ClInclude>
    <ClInclude Include="SystemSource\QuadPent_UITool.h">
      <Filter>[5]___________[ QuadPent ]\[ Component ]\[ Tool ]\[ Global Tool ]\[ UI ]</Filter>
    </ClInclude>
    <ClInclude Include="SystemSource\QuadPent_UtilPack.h">
      <Filter>[5]___________[ QuadPent ]\[ Component ]\[ Pack ]</Filter>
    </ClInclude>
    <ClInclude Include="SystemSource\QuadPent_Font.h">
      <Filter>[5]___________[ QuadPent ]\[ Component ]\[ Tool ]\[ Object Tool ]\[ Text ]\[ Font ]</Filter>
    </ClInclude>
    <ClInclude Include="resource.h">
      <Filter>[7[___________[ API Resource ]</Filter>
    </ClInclude>
    <ClInclude Include="SystemSource\QuadPent_DefaultValue.h">
      <Filter>[5]___________[ QuadPent ]\[ Component ]\[ Misc ]</Filter>
    </ClInclude>
    <ClInclude Include="SystemSource\QuadPent_ObjectFunction.h">
      <Filter>[5]___________[ QuadPent ]\[ Component ]\[ Object Component ]\[ Object Function ]</Filter>
    </ClInclude>
    <ClInclude Include="SystemSource\QuadPent_Object.h">
      <Filter>[5]___________[ QuadPent ]\[ Component ]\[ Object Component ]\[ Object Header ]</Filter>
    </ClInclude>
    <ClInclude Include="SystemSource\QuadPent_StartUp.h">
      <Filter>[5]___________[ QuadPent ]\[ Component ]\[ System ]\[ Start Up ]</Filter>
    </ClInclude>
    <ClInclude Include="SystemSource\QuadPent_StartUpMode.h">
      <Filter>[5]___________[ QuadPent ]\[ Component ]\[ System ]\[ Start Up ]</Filter>
    </ClInclude>
    <ClInclude Include="SystemSource\QuadPent_ErrorMessage.h">
      <Filter>[5]___________[ QuadPent ]\[ Component ]\[ System ]\[ System Object ]</Filter>
    </ClInclude>
    <ClInclude Include="SystemSource\QuadPent_FPSIndicator.h">
      <Filter>[5]___________[ QuadPent ]\[ Component ]\[ System ]\[ System Object ]</Filter>
    </ClInclude>
    <ClInclude Include="SystemSource\QuadPent_SystemResource.h">
      <Filter>[5]___________[ QuadPent ]\[ Component ]\[ System ]\[ System Resource ]</Filter>
    </ClInclude>
    <ClInclude Include="WorkSpace\Mode\GameMode1.h">
      <Filter>[1]___________[ Mode ]\[1]_[ Modes ]</Filter>
    </ClInclude>
    <ClInclude Include="WorkSpace\Resource\QuadPent_EnumValue.h">
      <Filter>[4]___________[ Resource ]</Filter>
    </ClInclude>
    <ClInclude Include="WorkSpace\Resource\QuadPent_Resource.h">
      <Filter>[4]___________[ Resource ]</Filter>
    </ClInclude>
    <ClInclude Include="WorkSpace\Resource\QuadPent_ModeResource.h">
      <Filter>[1]___________[ Mode ]\[0]_[ Mode  Attributes ]</Filter>
    </ClInclude>
  </ItemGroup>
  <ItemGroup>
    <None Include="SystemComponent\GLSL\4.3\Fragment_Shape.glsl">
      <Filter>[5]___________[ QuadPent ]\[ Component ]\[ Shader ]\[ GLSL ]\[ 4.3 ]</Filter>
    </None>
    <None Include="SystemComponent\GLSL\4.3\Fragment_Text.glsl">
      <Filter>[5]___________[ QuadPent ]\[ Component ]\[ Shader ]\[ GLSL ]\[ 4.3 ]</Filter>
    </None>
    <None Include="SystemComponent\GLSL\4.3\Vertex.glsl">
      <Filter>[5]___________[ QuadPent ]\[ Component ]\[ Shader ]\[ GLSL ]\[ 4.3 ]</Filter>
    </None>
    <None Include="SystemComponent\GLSL\4.3\Fragment_Image.glsl">
      <Filter>[5]___________[ QuadPent ]\[ Component ]\[ Shader ]\[ GLSL ]\[ 4.3 ]</Filter>
    </None>
    <None Include="SystemComponent\GLSL\4.4\Fragment_Shape.glsl">
      <Filter>[5]___________[ QuadPent ]\[ Component ]\[ Shader ]\[ GLSL ]\[ 4.4 ]</Filter>
    </None>
    <None Include="SystemComponent\GLSL\4.4\Fragment_Text.glsl">
      <Filter>[5]___________[ QuadPent ]\[ Component ]\[ Shader ]\[ GLSL ]\[ 4.4 ]</Filter>
    </None>
    <None Include="SystemComponent\GLSL\4.4\Vertex.glsl">
      <Filter>[5]___________[ QuadPent ]\[ Component ]\[ Shader ]\[ GLSL ]\[ 4.4 ]</Filter>
    </None>
    <None Include="SystemComponent\GLSL\4.4\Fragment_Image.glsl">
      <Filter>[5]___________[ QuadPent ]\[ Component ]\[ Shader ]\[ GLSL ]\[ 4.4 ]</Filter>
    </None>
    <None Include="SystemComponent\GLSL\4.5\Fragment_Shape.glsl">
      <Filter>[5]___________[ QuadPent ]\[ Component ]\[ Shader ]\[ GLSL ]\[ 4.5 ]</Filter>
    </None>
    <None Include="SystemComponent\GLSL\4.5\Fragment_Text.glsl">
      <Filter>[5]___________[ QuadPent ]\[ Component ]\[ Shader ]\[ GLSL ]\[ 4.5 ]</Filter>
    </None>
    <None Include="SystemComponent\GLSL\4.5\Vertex.glsl">
      <Filter>[5]___________[ QuadPent ]\[ Component ]\[ Shader ]\[ GLSL ]\[ 4.5 ]</Filter>
    </None>
    <None Include="SystemComponent\GLSL\4.5\Fragment_Image.glsl">
      <Filter>[5]___________[ QuadPent ]\[ Component ]\[ Shader ]\[ GLSL ]\[ 4.5 ]</Filter>
    </None>
    <None Include="SystemComponent\GLSL\4.6\Fragment_Shape.glsl">
      <Filter>[5]___________[ QuadPent ]\[ Component ]\[ Shader ]\[ GLSL ]\[ 4.6 ]</Filter>
    </None>
    <None Include="SystemComponent\GLSL\4.6\Fragment_Text.glsl">
      <Filter>[5]___________[ QuadPent ]\[ Component ]\[ Shader ]\[ GLSL ]\[ 4.6 ]</Filter>
    </None>
    <None Include="SystemComponent\GLSL\4.6\Vertex.glsl">
      <Filter>[5]___________[ QuadPent ]\[ Component ]\[ Shader ]\[ GLSL ]\[ 4.6 ]</Filter>
    </None>
    <None Include="SystemComponent\GLSL\4.6\Fragment_Image.glsl">
      <Filter>[5]___________[ QuadPent ]\[ Component ]\[ Shader ]\[ GLSL ]\[ 4.6 ]</Filter>
    </None>
  </ItemGroup>
  <ItemGroup>
    <ResourceCompile Include="Resource.rc">
      <Filter>[7[___________[ API Resource ]</Filter>
    </ResourceCompile>
  </ItemGroup>
  <ItemGroup>
    <Image Include="SystemComponent\Icon\icon-mata.ico">
      <Filter>[7[___________[ API Resource ]</Filter>
    </Image>
  </ItemGroup>
  <ItemGroup>
    <Text Include="Misc\ModeTemplate.txt">
      <Filter>[6]___________[ Template ]</Filter>
    </Text>
  </ItemGroup>
</Project>